Microsoft Visual Studio Solution File, Format Version 12.00
# Visual Studio Version 17
VisualStudioVersion = 17.5.2.0
MinimumVisualStudioVersion = 10.0.40219.1
Project("{FAE04EC0-301F-11D3-BF4B-00C04F79EFBC}") = "Assignment 7.4", "Assignment 7.4.csproj", "{5545F5E2-F5DB-8C80-8197-A9D0ECDCB8EE}"
EndProject
Global
	GlobalSection(SolutionConfigurationPlatforms) = preSolution
		Debug|Any CPU = Debug|Any CPU
		Release|Any CPU = Release|Any CPU
	EndGlobalSection
	GlobalSection(ProjectConfigurationPlatforms) = postSolution
		{5545F5E2-F5DB-8C80-8197-A9D0ECDCB8EE}.Debug|Any CPU.ActiveCfg = Debug|Any CPU
		{5545F5E2-F5DB-8C80-8197-A9D0ECDCB8EE}.Debug|Any CPU.Build.0 = Debug|Any CPU
		{5545F5E2-F5DB-8C80-8197-A9D0ECDCB8EE}.Release|Any CPU.ActiveCfg = Release|Any CPU
		{5545F5E2-F5DB-8C80-8197-A9D0ECDCB8EE}.Release|Any CPU.Build.0 = Release|Any CPU
	EndGlobalSection
	GlobalSection(SolutionProperties) = preSolution
		HideSolutionNode = FALSE
	EndGlobalSection
	GlobalSection(ExtensibilityGlobals) = postSolution
		SolutionGuid = {5AA41BFD-CE0E-4AA5-92F8-85EAAAE2BA36}
	EndGlobalSection
EndGlobal
